{
  "name": "jobs-api",
  "version": "0.1.0",
  "lockfileVersion": 1,
  "requires": true,
  "dependencies": {
    "@moggiez/moggies-auth": {
      "version": "0.2.0",
      "resolved": "https://npm.pkg.github.com/download/@moggiez/moggies-auth/0.2.0/6aaf51eb65d68ad207ef55259e9887c12a14a75b45c8b2e42b90ad1c146fd196",
      "integrity": "sha512-tBle891LdHe10KQuDydb4JjvN/cZ8Od/Y8qsVjITxQaRWVWI8VfvfNBGMPVqCREW/H1rZLtVDYZl5Q8le4MFaw=="
    },
    "@moggiez/moggies-db": {
      "version": "0.2.0",
      "resolved": "https://npm.pkg.github.com/download/@moggiez/moggies-db/0.2.0/549b5bf490ab34ed817f3d7aea2b755e2ff950e0fe822151de461f73874caa31",
      "integrity": "sha512-//e2Ux96Wmmw/3M74qiF5Iry3KVxBwL+5DSv7hAef+aeiexhceaqt7N+2JB5M4y1nEium589YGzwd8+bu5ovkA=="
    },
    "@moggiez/moggies-lambda-helpers": {
      "version": "0.2.0",
      "resolved": "https://npm.pkg.github.com/download/@moggiez/moggies-lambda-helpers/0.2.0/23aab8c84b2241841c4c52502ef8f0c75300ccfc734a99e825cb5084d5a10b67",
      "integrity": "sha512-SWtciji3jUdXMMmfoLEFAq50uMABisWkQD8N5OF3cyr1vBGkzIEh8Fx39ea+FKOw5V5UF0Qo1Pz88k20OIYGnw=="
    }
  }
}
